
Microsoft Visual Studio Solution File, Format Version 12.00
# Visual Studio Version 17
VisualStudioVersion = 17.7.34202.233
MinimumVisualStudioVersion = 10.0.40219.1
Project("{9A19103F-16F7-4668-BE54-9A1E7A4F7556}") = "MethodOf", "MethodOfNew\MethodOf.csproj", "{864D4ABF-EE44-4EEA-880F-B71F26169966}"
EndProject
Project("{FAE04EC0-301F-11D3-BF4B-00C04F79EFBC}") = "MethodOfTest", "MethodOfTest\MethodOfTest.csproj", "{651B514D-1E67-425B-BE6D-DF8B37F8D13A}"
EndProject
Global
	GlobalSection(SolutionConfigurationPlatforms) = preSolution
		Debug|Any CPU = Debug|Any CPU
		Release|Any CPU = Release|Any CPU
	EndGlobalSection
	GlobalSection(ProjectConfigurationPlatforms) = postSolution
		{864D4ABF-EE44-4EEA-880F-B71F26169966}.Debug|Any CPU.ActiveCfg = Debug|Any CPU
		{864D4ABF-EE44-4EEA-880F-B71F26169966}.Debug|Any CPU.Build.0 = Debug|Any CPU
		{864D4ABF-EE44-4EEA-880F-B71F26169966}.Release|Any CPU.ActiveCfg = Release|Any CPU
		{864D4ABF-EE44-4EEA-880F-B71F26169966}.Release|Any CPU.Build.0 = Release|Any CPU
		{651B514D-1E67-425B-BE6D-DF8B37F8D13A}.Debug|Any CPU.ActiveCfg = Debug|Any CPU
		{651B514D-1E67-425B-BE6D-DF8B37F8D13A}.Debug|Any CPU.Build.0 = Debug|Any CPU
		{651B514D-1E67-425B-BE6D-DF8B37F8D13A}.Release|Any CPU.ActiveCfg = Release|Any CPU
		{651B514D-1E67-425B-BE6D-DF8B37F8D13A}.Release|Any CPU.Build.0 = Release|Any CPU
	EndGlobalSection
	GlobalSection(SolutionProperties) = preSolution
		HideSolutionNode = FALSE
	EndGlobalSection
	GlobalSection(ExtensibilityGlobals) = postSolution
		SolutionGuid = {CC76627E-5272-4370-A658-1E2C8977141C}
	EndGlobalSection
EndGlobal
